
Microsoft Visual Studio Solution File, Format Version 12.00
# Visual Studio Version 17
VisualStudioVersion = 17.12.35527.113
MinimumVisualStudioVersion = 10.0.40219.1
Project("{FAE04EC0-301F-11D3-BF4B-00C04F79EFBC}") = "dosyayonetim.api", "dosyayonetim.api\dosyayonetim.api.csproj", "{22919125-4A50-4E18-9456-C2AED0056F26}"
EndProject
Project("{FAE04EC0-301F-11D3-BF4B-00C04F79EFBC}") = "dosyayonetim.ui", "dosyayonetim.ui\dosyayonetim.ui.csproj", "{C644EB9C-8529-4497-2F36-6E54BABBBA0B}"
EndProject
Global
	GlobalSection(SolutionConfigurationPlatforms) = preSolution
		Debug|Any CPU = Debug|Any CPU
		Release|Any CPU = Release|Any CPU
	EndGlobalSection
	GlobalSection(ProjectConfigurationPlatforms) = postSolution
		{22919125-4A50-4E18-9456-C2AED0056F26}.Debug|Any CPU.ActiveCfg = Debug|Any CPU
		{22919125-4A50-4E18-9456-C2AED0056F26}.Debug|Any CPU.Build.0 = Debug|Any CPU
		{22919125-4A50-4E18-9456-C2AED0056F26}.Release|Any CPU.ActiveCfg = Release|Any CPU
		{22919125-4A50-4E18-9456-C2AED0056F26}.Release|Any CPU.Build.0 = Release|Any CPU
		{C644EB9C-8529-4497-2F36-6E54BABBBA0B}.Debug|Any CPU.ActiveCfg = Debug|Any CPU
		{C644EB9C-8529-4497-2F36-6E54BABBBA0B}.Debug|Any CPU.Build.0 = Debug|Any CPU
		{C644EB9C-8529-4497-2F36-6E54BABBBA0B}.Release|Any CPU.ActiveCfg = Release|Any CPU
		{C644EB9C-8529-4497-2F36-6E54BABBBA0B}.Release|Any CPU.Build.0 = Release|Any CPU
	EndGlobalSection
	GlobalSection(SolutionProperties) = preSolution
		HideSolutionNode = FALSE
	EndGlobalSection
	GlobalSection(ExtensibilityGlobals) = postSolution
		SolutionGuid = {2CD09525-3D5A-4513-9C70-BBDF793D1288}
	EndGlobalSection
EndGlobal
